
Microsoft Visual Studio Solution File, Format Version 12.00
# Visual Studio Version 17
VisualStudioVersion = 17.11.35303.130
MinimumVisualStudioVersion = 10.0.40219.1
Project("{FAE04EC0-301F-11D3-BF4B-00C04F79EFBC}") = "ConsoleUiMaker", "ConsoleUiMaker.csproj", "{730541FC-402C-4D5E-BFE2-DDC15A7B70E5}"
EndProject
Project("{FAE04EC0-301F-11D3-BF4B-00C04F79EFBC}") = "DLL project test console", "..\DLL project test console\DLL project test console.csproj", "{19F70968-8759-4323-950D-61DBFB73D28A}"
EndProject
Global
	GlobalSection(SolutionConfigurationPlatforms) = preSolution
		Debug|Any CPU = Debug|Any CPU
		Release|Any CPU = Release|Any CPU
	EndGlobalSection
	GlobalSection(ProjectConfigurationPlatforms) = postSolution
		{730541FC-402C-4D5E-BFE2-DDC15A7B70E5}.Debug|Any CPU.ActiveCfg = Debug|Any CPU
		{730541FC-402C-4D5E-BFE2-DDC15A7B70E5}.Debug|Any CPU.Build.0 = Debug|Any CPU
		{730541FC-402C-4D5E-BFE2-DDC15A7B70E5}.Release|Any CPU.ActiveCfg = Release|Any CPU
		{730541FC-402C-4D5E-BFE2-DDC15A7B70E5}.Release|Any CPU.Build.0 = Release|Any CPU
		{19F70968-8759-4323-950D-61DBFB73D28A}.Debug|Any CPU.ActiveCfg = Debug|Any CPU
		{19F70968-8759-4323-950D-61DBFB73D28A}.Debug|Any CPU.Build.0 = Debug|Any CPU
		{19F70968-8759-4323-950D-61DBFB73D28A}.Release|Any CPU.ActiveCfg = Release|Any CPU
		{19F70968-8759-4323-950D-61DBFB73D28A}.Release|Any CPU.Build.0 = Release|Any CPU
	EndGlobalSection
	GlobalSection(SolutionProperties) = preSolution
		HideSolutionNode = FALSE
	EndGlobalSection
	GlobalSection(ExtensibilityGlobals) = postSolution
		SolutionGuid = {3F142DE9-AAB1-446B-A981-F6F382354FB5}
	EndGlobalSection
EndGlobal
